// !$*UTF8*$!
{
	archiveVersion = 1;
	classes = {
	};
	objectVersion = 56;
	objects = {

/* Begin PBXBuildFile section */
		0103B2292CA017660031314F /* SearchViewController.swift in Sources */ = {isa = PBXBuildFile; fileRef = 0103B2282CA017660031314F /* SearchViewController.swift */; };
		0103B22B2CA018290031314F /* SearchView.swift in Sources */ = {isa = PBXBuildFile; fileRef = 0103B22A2CA018290031314F /* SearchView.swift */; };
		0103B22D2CA019910031314F /* CFSearchBar.swift in Sources */ = {isa = PBXBuildFile; fileRef = 0103B22C2CA019910031314F /* CFSearchBar.swift */; };
		0103B2352CA15BBF0031314F /* SearchResultViewController.swift in Sources */ = {isa = PBXBuildFile; fileRef = 0103B2342CA15BBF0031314F /* SearchResultViewController.swift */; };
		0103B2372CA163510031314F /* RecentKeywordCell.swift in Sources */ = {isa = PBXBuildFile; fileRef = 0103B2362CA163510031314F /* RecentKeywordCell.swift */; };
		0103B2392CA168530031314F /* UserDefaultsKey.swift in Sources */ = {isa = PBXBuildFile; fileRef = 0103B2382CA168530031314F /* UserDefaultsKey.swift */; };
		0103B23B2CA1693E0031314F /* UserDefaultsManager.swift in Sources */ = {isa = PBXBuildFile; fileRef = 0103B23A2CA1693E0031314F /* UserDefaultsManager.swift */; };
		0103B23E2CA17B290031314F /* SearchResultTableViewController.swift in Sources */ = {isa = PBXBuildFile; fileRef = 0103B23D2CA17B290031314F /* SearchResultTableViewController.swift */; };
		0103B2402CA17E770031314F /* SearchResultTableViewCell.swift in Sources */ = {isa = PBXBuildFile; fileRef = 0103B23F2CA17E770031314F /* SearchResultTableViewCell.swift */; };
		0103B2422CA180D00031314F /* WriteRequestViewModel.swift in Sources */ = {isa = PBXBuildFile; fileRef = 0103B2412CA180D00031314F /* WriteRequestViewModel.swift */; };
		0103B24D2CA7FBF30031314F /* DatePickerViewController.swift in Sources */ = {isa = PBXBuildFile; fileRef = 0103B24C2CA7FBF30031314F /* DatePickerViewController.swift */; };
		0103B2512CA936E80031314F /* ChattingTableViewCell.swift in Sources */ = {isa = PBXBuildFile; fileRef = 0103B2502CA936E80031314F /* ChattingTableViewCell.swift */; };
		0103B2532CAA95090031314F /* ChattingDummyData.swift in Sources */ = {isa = PBXBuildFile; fileRef = 0103B2522CAA95090031314F /* ChattingDummyData.swift */; };
		0103B2562CAABF700031314F /* ProfessorViewController.swift in Sources */ = {isa = PBXBuildFile; fileRef = 0103B2552CAABF700031314F /* ProfessorViewController.swift */; };
		0103B2582CAAC0000031314F /* ProfessorTableViewController.swift in Sources */ = {isa = PBXBuildFile; fileRef = 0103B2572CAAC0000031314F /* ProfessorTableViewController.swift */; };
		0103B25A2CAAC06B0031314F /* CategoryCase.swift in Sources */ = {isa = PBXBuildFile; fileRef = 0103B2592CAAC06B0031314F /* CategoryCase.swift */; };
		0103B25C2CAAC7ED0031314F /* ProfessorTableViewCell.swift in Sources */ = {isa = PBXBuildFile; fileRef = 0103B25B2CAAC7ED0031314F /* ProfessorTableViewCell.swift */; };
		0103B25E2CABDF9F0031314F /* TermsTableViewCell.swift in Sources */ = {isa = PBXBuildFile; fileRef = 0103B25D2CABDF9F0031314F /* TermsTableViewCell.swift */; };
		010A09302C8D6C4000B4AF6C /* WritePortfolioViewModel.swift in Sources */ = {isa = PBXBuildFile; fileRef = 010A092F2C8D6C4000B4AF6C /* WritePortfolioViewModel.swift */; };
		010A09582C8DCFDE00B4AF6C /* CFAddPhotoView.swift in Sources */ = {isa = PBXBuildFile; fileRef = 010A09572C8DCFDE00B4AF6C /* CFAddPhotoView.swift */; };
		010A096A2C8EFE1600B4AF6C /* CFPriceView.swift in Sources */ = {isa = PBXBuildFile; fileRef = 010A09692C8EFE1600B4AF6C /* CFPriceView.swift */; };
		012C428A2C88B24B00C78861 /* WritePortfolioViewController.swift in Sources */ = {isa = PBXBuildFile; fileRef = 012C42892C88B24B00C78861 /* WritePortfolioViewController.swift */; };
		012C428C2C88B26500C78861 /* WriteRequestViewController.swift in Sources */ = {isa = PBXBuildFile; fileRef = 012C428B2C88B26500C78861 /* WriteRequestViewController.swift */; };
		012C42902C88B36200C78861 /* WriteRequestView.swift in Sources */ = {isa = PBXBuildFile; fileRef = 012C428F2C88B36200C78861 /* WriteRequestView.swift */; };
		012C42C72C8AF9A400C78861 /* CFSelectView.swift in Sources */ = {isa = PBXBuildFile; fileRef = 012C42C62C8AF9A400C78861 /* CFSelectView.swift */; };
		012C42CA2C8B1A8700C78861 /* WritePortfolioView.swift in Sources */ = {isa = PBXBuildFile; fileRef = 012C42C92C8B1A8700C78861 /* WritePortfolioView.swift */; };
		01D112A62C7B5A31006B20BB /* TabBarViewController.swift in Sources */ = {isa = PBXBuildFile; fileRef = 01D112A52C7B5A31006B20BB /* TabBarViewController.swift */; };
		01D112A92C7B5A93006B20BB /* ChattingViewController.swift in Sources */ = {isa = PBXBuildFile; fileRef = 01D112A82C7B5A93006B20BB /* ChattingViewController.swift */; };
		01D112AC2C7B5AA7006B20BB /* ProfileViewController.swift in Sources */ = {isa = PBXBuildFile; fileRef = 01D112AB2C7B5AA7006B20BB /* ProfileViewController.swift */; };
		01D112F62C81B81F006B20BB /* CFColor.swift in Sources */ = {isa = PBXBuildFile; fileRef = 01D112F52C81B81F006B20BB /* CFColor.swift */; };
		01D112F82C81BC32006B20BB /* UITextField+.swift in Sources */ = {isa = PBXBuildFile; fileRef = 01D112F72C81BC32006B20BB /* UITextField+.swift */; };
		01D112FA2C81BD52006B20BB /* CFLine.swift in Sources */ = {isa = PBXBuildFile; fileRef = 01D112F92C81BD52006B20BB /* CFLine.swift */; };
		01D113072C81C5B7006B20BB /* UIFont+.swift in Sources */ = {isa = PBXBuildFile; fileRef = 01D113062C81C5B7006B20BB /* UIFont+.swift */; };
		01D1130C2C81DE24006B20BB /* ProfessorView.swift in Sources */ = {isa = PBXBuildFile; fileRef = 01D1130B2C81DE24006B20BB /* ProfessorView.swift */; };
		01D1130F2C81E2D7006B20BB /* FindCampusViewController.swift in Sources */ = {isa = PBXBuildFile; fileRef = 01D1130E2C81E2D7006B20BB /* FindCampusViewController.swift */; };
		01D113122C81E974006B20BB /* Tabman in Frameworks */ = {isa = PBXBuildFile; productRef = 01D113112C81E974006B20BB /* Tabman */; };
		01D113162C81ECAB006B20BB /* FindCampusTableViewController.swift in Sources */ = {isa = PBXBuildFile; fileRef = 01D113152C81ECAB006B20BB /* FindCampusTableViewController.swift */; };
		01D113192C81EF4B006B20BB /* FinderCase.swift in Sources */ = {isa = PBXBuildFile; fileRef = 01D113182C81EF4B006B20BB /* FinderCase.swift */; };
		01D1131C2C81F1AA006B20BB /* BaseTableViewCell.swift in Sources */ = {isa = PBXBuildFile; fileRef = 01D1131B2C81F1AA006B20BB /* BaseTableViewCell.swift */; };
		01D1131E2C81F278006B20BB /* FindCampusTableViewCell.swift in Sources */ = {isa = PBXBuildFile; fileRef = 01D1131D2C81F278006B20BB /* FindCampusTableViewCell.swift */; };
		01D113202C81F3EE006B20BB /* FindCampusHeaderView.swift in Sources */ = {isa = PBXBuildFile; fileRef = 01D1131F2C81F3EE006B20BB /* FindCampusHeaderView.swift */; };
		01D113232C820681006B20BB /* DetailCampusViewController.swift in Sources */ = {isa = PBXBuildFile; fileRef = 01D113222C820681006B20BB /* DetailCampusViewController.swift */; };
		01D113252C820772006B20BB /* DetailCampusView.swift in Sources */ = {isa = PBXBuildFile; fileRef = 01D113242C820772006B20BB /* DetailCampusView.swift */; };
		01E4086A2C633C0E0006B86F /* AppDelegate.swift in Sources */ = {isa = PBXBuildFile; fileRef = 01E408692C633C0E0006B86F /* AppDelegate.swift */; };
		01E4086C2C633C0E0006B86F /* SceneDelegate.swift in Sources */ = {isa = PBXBuildFile; fileRef = 01E4086B2C633C0E0006B86F /* SceneDelegate.swift */; };
		01E408732C633C100006B86F /* Assets.xcassets in Resources */ = {isa = PBXBuildFile; fileRef = 01E408722C633C100006B86F /* Assets.xcassets */; };
		01E408762C633C100006B86F /* Base in Resources */ = {isa = PBXBuildFile; fileRef = 01E408752C633C100006B86F /* Base */; };
		01E4087F2C633C810006B86F /* RxCocoa in Frameworks */ = {isa = PBXBuildFile; productRef = 01E4087E2C633C810006B86F /* RxCocoa */; };
		01E408812C633C810006B86F /* RxSwift in Frameworks */ = {isa = PBXBuildFile; productRef = 01E408802C633C810006B86F /* RxSwift */; };
		01E408832C633C900006B86F /* .gitignore in Resources */ = {isa = PBXBuildFile; fileRef = 01E408822C633C900006B86F /* .gitignore */; };
		01E408862C633CE00006B86F /* SnapKit in Frameworks */ = {isa = PBXBuildFile; productRef = 01E408852C633CE00006B86F /* SnapKit */; };
		01E408892C633CEC0006B86F /* Kingfisher in Frameworks */ = {isa = PBXBuildFile; productRef = 01E408882C633CEC0006B86F /* Kingfisher */; };
		01E4088B2C633D5A0006B86F /* LoginViewController.swift in Sources */ = {isa = PBXBuildFile; fileRef = 01E4088A2C633D5A0006B86F /* LoginViewController.swift */; };
		01E4088E2C633DC20006B86F /* BaseViewController.swift in Sources */ = {isa = PBXBuildFile; fileRef = 01E4088D2C633DC20006B86F /* BaseViewController.swift */; };
		01E408902C633DEA0006B86F /* BaseView.swift in Sources */ = {isa = PBXBuildFile; fileRef = 01E4088F2C633DEA0006B86F /* BaseView.swift */; };
		01E408E32C6783290006B86F /* LoginView.swift in Sources */ = {isa = PBXBuildFile; fileRef = 01E408E22C6783290006B86F /* LoginView.swift */; };
		01E408E62C6785590006B86F /* CFButton.swift in Sources */ = {isa = PBXBuildFile; fileRef = 01E408E52C6785590006B86F /* CFButton.swift */; };
		01E408E82C67867F0006B86F /* LoginViewModel.swift in Sources */ = {isa = PBXBuildFile; fileRef = 01E408E72C67867F0006B86F /* LoginViewModel.swift */; };
		01E408EC2C68788B0006B86F /* TermsViewController.swift in Sources */ = {isa = PBXBuildFile; fileRef = 01E408EB2C68788B0006B86F /* TermsViewController.swift */; };
		01E408EE2C688B910006B86F /* TermsView.swift in Sources */ = {isa = PBXBuildFile; fileRef = 01E408ED2C688B910006B86F /* TermsView.swift */; };
		01E408F02C688BAE0006B86F /* TermsViewModel.swift in Sources */ = {isa = PBXBuildFile; fileRef = 01E408EF2C688BAE0006B86F /* TermsViewModel.swift */; };
		01E408F42C68939B0006B86F /* SelectPositionViewController.swift in Sources */ = {isa = PBXBuildFile; fileRef = 01E408F32C68939B0006B86F /* SelectPositionViewController.swift */; };
		01E408F62C68940D0006B86F /* SelectPositionView.swift in Sources */ = {isa = PBXBuildFile; fileRef = 01E408F52C68940D0006B86F /* SelectPositionView.swift */; };
		01E408F82C68947F0006B86F /* SelectPositionViewModel.swift in Sources */ = {isa = PBXBuildFile; fileRef = 01E408F72C68947F0006B86F /* SelectPositionViewModel.swift */; };
		01E408FB2C6898300006B86F /* PhoneNumberCertifyViewController.swift in Sources */ = {isa = PBXBuildFile; fileRef = 01E408FA2C6898300006B86F /* PhoneNumberCertifyViewController.swift */; };
		01E408FD2C6898AC0006B86F /* PhoneNumberCertifyViewModel.swift in Sources */ = {isa = PBXBuildFile; fileRef = 01E408FC2C6898AC0006B86F /* PhoneNumberCertifyViewModel.swift */; };
		01E408FF2C6899330006B86F /* PhoneNumberCertifyView.swift in Sources */ = {isa = PBXBuildFile; fileRef = 01E408FE2C6899330006B86F /* PhoneNumberCertifyView.swift */; };
		01E409012C68DB980006B86F /* HomeViewController.swift in Sources */ = {isa = PBXBuildFile; fileRef = 01E409002C68DB980006B86F /* HomeViewController.swift */; };
		01E409032C68DE3D0006B86F /* HomeView.swift in Sources */ = {isa = PBXBuildFile; fileRef = 01E409022C68DE3D0006B86F /* HomeView.swift */; };
		01E4090C2C69F8BE0006B86F /* CFSearchView.swift in Sources */ = {isa = PBXBuildFile; fileRef = 01E4090B2C69F8BE0006B86F /* CFSearchView.swift */; };
		01E4090F2C69FF960006B86F /* FindCollectionViewCell.swift in Sources */ = {isa = PBXBuildFile; fileRef = 01E4090E2C69FF960006B86F /* FindCollectionViewCell.swift */; };
		01E409122C6A08950006B86F /* UIColor+.swift in Sources */ = {isa = PBXBuildFile; fileRef = 01E409112C6A08950006B86F /* UIColor+.swift */; };
/* End PBXBuildFile section */

/* Begin PBXFileReference section */
		0103B2282CA017660031314F /* SearchViewController.swift */ = {isa = PBXFileReference; lastKnownFileType = sourcecode.swift; path = SearchViewController.swift; sourceTree = "<group>"; };
		0103B22A2CA018290031314F /* SearchView.swift */ = {isa = PBXFileReference; lastKnownFileType = sourcecode.swift; path = SearchView.swift; sourceTree = "<group>"; };
		0103B22C2CA019910031314F /* CFSearchBar.swift */ = {isa = PBXFileReference; lastKnownFileType = sourcecode.swift; path = CFSearchBar.swift; sourceTree = "<group>"; };
		0103B2342CA15BBF0031314F /* SearchResultViewController.swift */ = {isa = PBXFileReference; lastKnownFileType = sourcecode.swift; path = SearchResultViewController.swift; sourceTree = "<group>"; };
		0103B2362CA163510031314F /* RecentKeywordCell.swift */ = {isa = PBXFileReference; lastKnownFileType = sourcecode.swift; path = RecentKeywordCell.swift; sourceTree = "<group>"; };
		0103B2382CA168530031314F /* UserDefaultsKey.swift */ = {isa = PBXFileReference; lastKnownFileType = sourcecode.swift; path = UserDefaultsKey.swift; sourceTree = "<group>"; };
		0103B23A2CA1693E0031314F /* UserDefaultsManager.swift */ = {isa = PBXFileReference; lastKnownFileType = sourcecode.swift; path = UserDefaultsManager.swift; sourceTree = "<group>"; };
		0103B23D2CA17B290031314F /* SearchResultTableViewController.swift */ = {isa = PBXFileReference; lastKnownFileType = sourcecode.swift; path = SearchResultTableViewController.swift; sourceTree = "<group>"; };
		0103B23F2CA17E770031314F /* SearchResultTableViewCell.swift */ = {isa = PBXFileReference; lastKnownFileType = sourcecode.swift; path = SearchResultTableViewCell.swift; sourceTree = "<group>"; };
		0103B2412CA180D00031314F /* WriteRequestViewModel.swift */ = {isa = PBXFileReference; lastKnownFileType = sourcecode.swift; path = WriteRequestViewModel.swift; sourceTree = "<group>"; };
		0103B24C2CA7FBF30031314F /* DatePickerViewController.swift */ = {isa = PBXFileReference; lastKnownFileType = sourcecode.swift; path = DatePickerViewController.swift; sourceTree = "<group>"; };
		0103B2502CA936E80031314F /* ChattingTableViewCell.swift */ = {isa = PBXFileReference; lastKnownFileType = sourcecode.swift; path = ChattingTableViewCell.swift; sourceTree = "<group>"; };
		0103B2522CAA95090031314F /* ChattingDummyData.swift */ = {isa = PBXFileReference; lastKnownFileType = sourcecode.swift; path = ChattingDummyData.swift; sourceTree = "<group>"; };
		0103B2552CAABF700031314F /* ProfessorViewController.swift */ = {isa = PBXFileReference; lastKnownFileType = sourcecode.swift; path = ProfessorViewController.swift; sourceTree = "<group>"; };
		0103B2572CAAC0000031314F /* ProfessorTableViewController.swift */ = {isa = PBXFileReference; lastKnownFileType = sourcecode.swift; path = ProfessorTableViewController.swift; sourceTree = "<group>"; };
		0103B2592CAAC06B0031314F /* CategoryCase.swift */ = {isa = PBXFileReference; lastKnownFileType = sourcecode.swift; path = CategoryCase.swift; sourceTree = "<group>"; };
		0103B25B2CAAC7ED0031314F /* ProfessorTableViewCell.swift */ = {isa = PBXFileReference; lastKnownFileType = sourcecode.swift; path = ProfessorTableViewCell.swift; sourceTree = "<group>"; };
		0103B25D2CABDF9F0031314F /* TermsTableViewCell.swift */ = {isa = PBXFileReference; lastKnownFileType = sourcecode.swift; path = TermsTableViewCell.swift; sourceTree = "<group>"; };
		010A092F2C8D6C4000B4AF6C /* WritePortfolioViewModel.swift */ = {isa = PBXFileReference; lastKnownFileType = sourcecode.swift; path = WritePortfolioViewModel.swift; sourceTree = "<group>"; };
		010A09572C8DCFDE00B4AF6C /* CFAddPhotoView.swift */ = {isa = PBXFileReference; lastKnownFileType = sourcecode.swift; path = CFAddPhotoView.swift; sourceTree = "<group>"; };
		010A09692C8EFE1600B4AF6C /* CFPriceView.swift */ = {isa = PBXFileReference; lastKnownFileType = sourcecode.swift; path = CFPriceView.swift; sourceTree = "<group>"; };
		012C42892C88B24B00C78861 /* WritePortfolioViewController.swift */ = {isa = PBXFileReference; lastKnownFileType = sourcecode.swift; path = WritePortfolioViewController.swift; sourceTree = "<group>"; };
		012C428B2C88B26500C78861 /* WriteRequestViewController.swift */ = {isa = PBXFileReference; lastKnownFileType = sourcecode.swift; path = WriteRequestViewController.swift; sourceTree = "<group>"; };
		012C428F2C88B36200C78861 /* WriteRequestView.swift */ = {isa = PBXFileReference; lastKnownFileType = sourcecode.swift; path = WriteRequestView.swift; sourceTree = "<group>"; };
		012C42C62C8AF9A400C78861 /* CFSelectView.swift */ = {isa = PBXFileReference; lastKnownFileType = sourcecode.swift; path = CFSelectView.swift; sourceTree = "<group>"; };
		012C42C92C8B1A8700C78861 /* WritePortfolioView.swift */ = {isa = PBXFileReference; lastKnownFileType = sourcecode.swift; path = WritePortfolioView.swift; sourceTree = "<group>"; };
		01D112A52C7B5A31006B20BB /* TabBarViewController.swift */ = {isa = PBXFileReference; lastKnownFileType = sourcecode.swift; path = TabBarViewController.swift; sourceTree = "<group>"; };
		01D112A82C7B5A93006B20BB /* ChattingViewController.swift */ = {isa = PBXFileReference; lastKnownFileType = sourcecode.swift; path = ChattingViewController.swift; sourceTree = "<group>"; };
		01D112AB2C7B5AA7006B20BB /* ProfileViewController.swift */ = {isa = PBXFileReference; lastKnownFileType = sourcecode.swift; path = ProfileViewController.swift; sourceTree = "<group>"; };
		01D112F52C81B81F006B20BB /* CFColor.swift */ = {isa = PBXFileReference; lastKnownFileType = sourcecode.swift; path = CFColor.swift; sourceTree = "<group>"; };
		01D112F72C81BC32006B20BB /* UITextField+.swift */ = {isa = PBXFileReference; lastKnownFileType = sourcecode.swift; path = "UITextField+.swift"; sourceTree = "<group>"; };
		01D112F92C81BD52006B20BB /* CFLine.swift */ = {isa = PBXFileReference; lastKnownFileType = sourcecode.swift; path = CFLine.swift; sourceTree = "<group>"; };
		01D112FD2C81C4F5006B20BB /* Pretendard-Black.ttf */ = {isa = PBXFileReference; lastKnownFileType = file; path = "Pretendard-Black.ttf"; sourceTree = "<group>"; };
		01D112FE2C81C4F5006B20BB /* Pretendard-ExtraBold.ttf */ = {isa = PBXFileReference; lastKnownFileType = file; path = "Pretendard-ExtraBold.ttf"; sourceTree = "<group>"; };
		01D112FF2C81C4F5006B20BB /* Pretendard-ExtraLight.ttf */ = {isa = PBXFileReference; lastKnownFileType = file; path = "Pretendard-ExtraLight.ttf"; sourceTree = "<group>"; };
		01D113002C81C4F5006B20BB /* Pretendard-Bold.ttf */ = {isa = PBXFileReference; lastKnownFileType = file; path = "Pretendard-Bold.ttf"; sourceTree = "<group>"; };
		01D113012C81C4F5006B20BB /* Pretendard-Light.ttf */ = {isa = PBXFileReference; lastKnownFileType = file; path = "Pretendard-Light.ttf"; sourceTree = "<group>"; };
		01D113022C81C4F5006B20BB /* Pretendard-Medium.ttf */ = {isa = PBXFileReference; lastKnownFileType = file; path = "Pretendard-Medium.ttf"; sourceTree = "<group>"; };
		01D113032C81C4F5006B20BB /* Pretendard-Thin.ttf */ = {isa = PBXFileReference; lastKnownFileType = file; path = "Pretendard-Thin.ttf"; sourceTree = "<group>"; };
		01D113042C81C4F5006B20BB /* Pretendard-Regular.ttf */ = {isa = PBXFileReference; lastKnownFileType = file; path = "Pretendard-Regular.ttf"; sourceTree = "<group>"; };
		01D113052C81C4F6006B20BB /* Pretendard-SemiBold.ttf */ = {isa = PBXFileReference; lastKnownFileType = file; path = "Pretendard-SemiBold.ttf"; sourceTree = "<group>"; };
		01D113062C81C5B7006B20BB /* UIFont+.swift */ = {isa = PBXFileReference; lastKnownFileType = sourcecode.swift; path = "UIFont+.swift"; sourceTree = "<group>"; };
		01D1130B2C81DE24006B20BB /* ProfessorView.swift */ = {isa = PBXFileReference; lastKnownFileType = sourcecode.swift; path = ProfessorView.swift; sourceTree = "<group>"; };
		01D1130E2C81E2D7006B20BB /* FindCampusViewController.swift */ = {isa = PBXFileReference; lastKnownFileType = sourcecode.swift; path = FindCampusViewController.swift; sourceTree = "<group>"; };
		01D113152C81ECAB006B20BB /* FindCampusTableViewController.swift */ = {isa = PBXFileReference; lastKnownFileType = sourcecode.swift; path = FindCampusTableViewController.swift; sourceTree = "<group>"; };
		01D113182C81EF4B006B20BB /* FinderCase.swift */ = {isa = PBXFileReference; lastKnownFileType = sourcecode.swift; path = FinderCase.swift; sourceTree = "<group>"; };
		01D1131B2C81F1AA006B20BB /* BaseTableViewCell.swift */ = {isa = PBXFileReference; lastKnownFileType = sourcecode.swift; path = BaseTableViewCell.swift; sourceTree = "<group>"; };
		01D1131D2C81F278006B20BB /* FindCampusTableViewCell.swift */ = {isa = PBXFileReference; lastKnownFileType = sourcecode.swift; path = FindCampusTableViewCell.swift; sourceTree = "<group>"; };
		01D1131F2C81F3EE006B20BB /* FindCampusHeaderView.swift */ = {isa = PBXFileReference; lastKnownFileType = sourcecode.swift; path = FindCampusHeaderView.swift; sourceTree = "<group>"; };
		01D113222C820681006B20BB /* DetailCampusViewController.swift */ = {isa = PBXFileReference; lastKnownFileType = sourcecode.swift; path = DetailCampusViewController.swift; sourceTree = "<group>"; };
		01D113242C820772006B20BB /* DetailCampusView.swift */ = {isa = PBXFileReference; lastKnownFileType = sourcecode.swift; path = DetailCampusView.swift; sourceTree = "<group>"; };
		01E408662C633C0E0006B86F /* CampusFinder.app */ = {isa = PBXFileReference; explicitFileType = wrapper.application; includeInIndex = 0; path = CampusFinder.app; sourceTree = BUILT_PRODUCTS_DIR; };
		01E408692C633C0E0006B86F /* AppDelegate.swift */ = {isa = PBXFileReference; lastKnownFileType = sourcecode.swift; path = AppDelegate.swift; sourceTree = "<group>"; };
		01E4086B2C633C0E0006B86F /* SceneDelegate.swift */ = {isa = PBXFileReference; lastKnownFileType = sourcecode.swift; path = SceneDelegate.swift; sourceTree = "<group>"; };
		01E408722C633C100006B86F /* Assets.xcassets */ = {isa = PBXFileReference; lastKnownFileType = folder.assetcatalog; path = Assets.xcassets; sourceTree = "<group>"; };
		01E408752C633C100006B86F /* Base */ = {isa = PBXFileReference; lastKnownFileType = file.storyboard; name = Base; path = Base.lproj/LaunchScreen.storyboard; sourceTree = "<group>"; };
		01E408772C633C100006B86F /* Info.plist */ = {isa = PBXFileReference; lastKnownFileType = text.plist.xml; path = Info.plist; sourceTree = "<group>"; };
		01E408822C633C900006B86F /* .gitignore */ = {isa = PBXFileReference; lastKnownFileType = text; path = .gitignore; sourceTree = "<group>"; };
		01E4088A2C633D5A0006B86F /* LoginViewController.swift */ = {isa = PBXFileReference; lastKnownFileType = sourcecode.swift; path = LoginViewController.swift; sourceTree = "<group>"; };
		01E4088D2C633DC20006B86F /* BaseViewController.swift */ = {isa = PBXFileReference; lastKnownFileType = sourcecode.swift; path = BaseViewController.swift; sourceTree = "<group>"; };
		01E4088F2C633DEA0006B86F /* BaseView.swift */ = {isa = PBXFileReference; lastKnownFileType = sourcecode.swift; path = BaseView.swift; sourceTree = "<group>"; };
		01E408E22C6783290006B86F /* LoginView.swift */ = {isa = PBXFileReference; lastKnownFileType = sourcecode.swift; path = LoginView.swift; sourceTree = "<group>"; };
		01E408E52C6785590006B86F /* CFButton.swift */ = {isa = PBXFileReference; lastKnownFileType = sourcecode.swift; path = CFButton.swift; sourceTree = "<group>"; };
		01E408E72C67867F0006B86F /* LoginViewModel.swift */ = {isa = PBXFileReference; lastKnownFileType = sourcecode.swift; path = LoginViewModel.swift; sourceTree = "<group>"; };
		01E408EB2C68788B0006B86F /* TermsViewController.swift */ = {isa = PBXFileReference; lastKnownFileType = sourcecode.swift; path = TermsViewController.swift; sourceTree = "<group>"; };
		01E408ED2C688B910006B86F /* TermsView.swift */ = {isa = PBXFileReference; lastKnownFileType = sourcecode.swift; path = TermsView.swift; sourceTree = "<group>"; };
		01E408EF2C688BAE0006B86F /* TermsViewModel.swift */ = {isa = PBXFileReference; lastKnownFileType = sourcecode.swift; path = TermsViewModel.swift; sourceTree = "<group>"; };
		01E408F32C68939B0006B86F /* SelectPositionViewController.swift */ = {isa = PBXFileReference; lastKnownFileType = sourcecode.swift; path = SelectPositionViewController.swift; sourceTree = "<group>"; };
		01E408F52C68940D0006B86F /* SelectPositionView.swift */ = {isa = PBXFileReference; lastKnownFileType = sourcecode.swift; path = SelectPositionView.swift; sourceTree = "<group>"; };
		01E408F72C68947F0006B86F /* SelectPositionViewModel.swift */ = {isa = PBXFileReference; lastKnownFileType = sourcecode.swift; path = SelectPositionViewModel.swift; sourceTree = "<group>"; };
		01E408FA2C6898300006B86F /* PhoneNumberCertifyViewController.swift */ = {isa = PBXFileReference; lastKnownFileType = sourcecode.swift; path = PhoneNumberCertifyViewController.swift; sourceTree = "<group>"; };
		01E408FC2C6898AC0006B86F /* PhoneNumberCertifyViewModel.swift */ = {isa = PBXFileReference; lastKnownFileType = sourcecode.swift; path = PhoneNumberCertifyViewModel.swift; sourceTree = "<group>"; };
		01E408FE2C6899330006B86F /* PhoneNumberCertifyView.swift */ = {isa = PBXFileReference; lastKnownFileType = sourcecode.swift; path = PhoneNumberCertifyView.swift; sourceTree = "<group>"; };
		01E409002C68DB980006B86F /* HomeViewController.swift */ = {isa = PBXFileReference; lastKnownFileType = sourcecode.swift; path = HomeViewController.swift; sourceTree = "<group>"; };
		01E409022C68DE3D0006B86F /* HomeView.swift */ = {isa = PBXFileReference; lastKnownFileType = sourcecode.swift; path = HomeView.swift; sourceTree = "<group>"; };
		01E4090B2C69F8BE0006B86F /* CFSearchView.swift */ = {isa = PBXFileReference; lastKnownFileType = sourcecode.swift; path = CFSearchView.swift; sourceTree = "<group>"; };
		01E4090E2C69FF960006B86F /* FindCollectionViewCell.swift */ = {isa = PBXFileReference; lastKnownFileType = sourcecode.swift; path = FindCollectionViewCell.swift; sourceTree = "<group>"; };
		01E409112C6A08950006B86F /* UIColor+.swift */ = {isa = PBXFileReference; lastKnownFileType = sourcecode.swift; path = "UIColor+.swift"; sourceTree = "<group>"; };
/* End PBXFileReference section */

/* Begin PBXFrameworksBuildPhase section */
		01E408632C633C0E0006B86F /* Frameworks */ = {
			isa = PBXFrameworksBuildPhase;
			buildActionMask = 2147483647;
			files = (
				01D113122C81E974006B20BB /* Tabman in Frameworks */,
				01E408892C633CEC0006B86F /* Kingfisher in Frameworks */,
				01E408862C633CE00006B86F /* SnapKit in Frameworks */,
				01E408812C633C810006B86F /* RxSwift in Frameworks */,
				01E4087F2C633C810006B86F /* RxCocoa in Frameworks */,
			);
			runOnlyForDeploymentPostprocessing = 0;
		};
/* End PBXFrameworksBuildPhase section */

/* Begin PBXGroup section */
		0103B2272CA017560031314F /* Search */ = {
			isa = PBXGroup;
			children = (
				0103B2282CA017660031314F /* SearchViewController.swift */,
				0103B22A2CA018290031314F /* SearchView.swift */,
				0103B2362CA163510031314F /* RecentKeywordCell.swift */,
			);
			path = Search;
			sourceTree = "<group>";
		};
		0103B23C2CA17AD60031314F /* SearchResult */ = {
			isa = PBXGroup;
			children = (
				0103B2342CA15BBF0031314F /* SearchResultViewController.swift */,
				0103B23D2CA17B290031314F /* SearchResultTableViewController.swift */,
				0103B23F2CA17E770031314F /* SearchResultTableViewCell.swift */,
			);
			path = SearchResult;
			sourceTree = "<group>";
		};
		0103B2542CAABF330031314F /* Professor */ = {
			isa = PBXGroup;
			children = (
				0103B2552CAABF700031314F /* ProfessorViewController.swift */,
				0103B2572CAAC0000031314F /* ProfessorTableViewController.swift */,
				0103B25B2CAAC7ED0031314F /* ProfessorTableViewCell.swift */,
			);
			path = Professor;
			sourceTree = "<group>";
		};
		012C42872C88B15B00C78861 /* WriteCampus */ = {
			isa = PBXGroup;
			children = (
				012C428D2C88B33100C78861 /* WritePortfolio */,
				012C428E2C88B33C00C78861 /* WriteRequest */,
			);
			path = WriteCampus;
			sourceTree = "<group>";
		};
		012C428D2C88B33100C78861 /* WritePortfolio */ = {
			isa = PBXGroup;
			children = (
				012C42892C88B24B00C78861 /* WritePortfolioViewController.swift */,
				010A092F2C8D6C4000B4AF6C /* WritePortfolioViewModel.swift */,
				012C42C92C8B1A8700C78861 /* WritePortfolioView.swift */,
			);
			path = WritePortfolio;
			sourceTree = "<group>";
		};
		012C428E2C88B33C00C78861 /* WriteRequest */ = {
			isa = PBXGroup;
			children = (
				012C428B2C88B26500C78861 /* WriteRequestViewController.swift */,
				0103B2412CA180D00031314F /* WriteRequestViewModel.swift */,
				012C428F2C88B36200C78861 /* WriteRequestView.swift */,
				0103B24C2CA7FBF30031314F /* DatePickerViewController.swift */,
			);
			path = WriteRequest;
			sourceTree = "<group>";
		};
		01D112A42C7B5A25006B20BB /* TabBar */ = {
			isa = PBXGroup;
			children = (
				01D112A52C7B5A31006B20BB /* TabBarViewController.swift */,
			);
			path = TabBar;
			sourceTree = "<group>";
		};
		01D112A72C7B5A88006B20BB /* Chatting */ = {
			isa = PBXGroup;
			children = (
				01D112A82C7B5A93006B20BB /* ChattingViewController.swift */,
				0103B2502CA936E80031314F /* ChattingTableViewCell.swift */,
				0103B2522CAA95090031314F /* ChattingDummyData.swift */,
			);
			path = Chatting;
			sourceTree = "<group>";
		};
		01D112AA2C7B5A9F006B20BB /* Profile */ = {
			isa = PBXGroup;
			children = (
				01D112AB2C7B5AA7006B20BB /* ProfileViewController.swift */,
			);
			path = Profile;
			sourceTree = "<group>";
		};
		01D112FB2C81C4BA006B20BB /* Resource */ = {
			isa = PBXGroup;
			children = (
				01E408722C633C100006B86F /* Assets.xcassets */,
				01E408742C633C100006B86F /* LaunchScreen.storyboard */,
				01D112FC2C81C4C2006B20BB /* Font */,
			);
			path = Resource;
			sourceTree = "<group>";
		};
		01D112FC2C81C4C2006B20BB /* Font */ = {
			isa = PBXGroup;
			children = (
				01D112FD2C81C4F5006B20BB /* Pretendard-Black.ttf */,
				01D113002C81C4F5006B20BB /* Pretendard-Bold.ttf */,
				01D112FE2C81C4F5006B20BB /* Pretendard-ExtraBold.ttf */,
				01D112FF2C81C4F5006B20BB /* Pretendard-ExtraLight.ttf */,
				01D113012C81C4F5006B20BB /* Pretendard-Light.ttf */,
				01D113022C81C4F5006B20BB /* Pretendard-Medium.ttf */,
				01D113042C81C4F5006B20BB /* Pretendard-Regular.ttf */,
				01D113052C81C4F6006B20BB /* Pretendard-SemiBold.ttf */,
				01D113032C81C4F5006B20BB /* Pretendard-Thin.ttf */,
			);
			path = Font;
			sourceTree = "<group>";
		};
		01D1130D2C81E27E006B20BB /* FindCampus */ = {
			isa = PBXGroup;
			children = (
				01D1130E2C81E2D7006B20BB /* FindCampusViewController.swift */,
				01D113152C81ECAB006B20BB /* FindCampusTableViewController.swift */,
				01D1131D2C81F278006B20BB /* FindCampusTableViewCell.swift */,
				01D1131F2C81F3EE006B20BB /* FindCampusHeaderView.swift */,
			);
			path = FindCampus;
			sourceTree = "<group>";
		};
		01D113172C81EF3F006B20BB /* Enum */ = {
			isa = PBXGroup;
			children = (
				01D113182C81EF4B006B20BB /* FinderCase.swift */,
				0103B2592CAAC06B0031314F /* CategoryCase.swift */,
			);
			path = Enum;
			sourceTree = "<group>";
		};
		01D1131A2C81F078006B20BB /* Source */ = {
			isa = PBXGroup;
			children = (
				01E4088C2C633DA60006B86F /* Application */,
				01E408E42C6785420006B86F /* Util */,
				01D113172C81EF3F006B20BB /* Enum */,
				01E409102C6A086F0006B86F /* Extension */,
				01E408912C633E2C0006B86F /* Presentation */,
			);
			path = Source;
			sourceTree = "<group>";
		};
		01D113212C820670006B20BB /* DetailCampus */ = {
			isa = PBXGroup;
			children = (
				01D113222C820681006B20BB /* DetailCampusViewController.swift */,
				01D113242C820772006B20BB /* DetailCampusView.swift */,
			);
			path = DetailCampus;
			sourceTree = "<group>";
		};
		01E4085D2C633C0E0006B86F = {
			isa = PBXGroup;
			children = (
				01E408822C633C900006B86F /* .gitignore */,
				01E408682C633C0E0006B86F /* CampusFinder */,
				01E408672C633C0E0006B86F /* Products */,
			);
			sourceTree = "<group>";
		};
		01E408672C633C0E0006B86F /* Products */ = {
			isa = PBXGroup;
			children = (
				01E408662C633C0E0006B86F /* CampusFinder.app */,
			);
			name = Products;
			sourceTree = "<group>";
		};
		01E408682C633C0E0006B86F /* CampusFinder */ = {
			isa = PBXGroup;
			children = (
				01D112FB2C81C4BA006B20BB /* Resource */,
				01D1131A2C81F078006B20BB /* Source */,
				01E408772C633C100006B86F /* Info.plist */,
			);
			path = CampusFinder;
			sourceTree = "<group>";
		};
		01E4088C2C633DA60006B86F /* Application */ = {
			isa = PBXGroup;
			children = (
				01E408692C633C0E0006B86F /* AppDelegate.swift */,
				01E4086B2C633C0E0006B86F /* SceneDelegate.swift */,
			);
			path = Application;
			sourceTree = "<group>";
		};
		01E408912C633E2C0006B86F /* Presentation */ = {
			isa = PBXGroup;
			children = (
				0103B2542CAABF330031314F /* Professor */,
				0103B23C2CA17AD60031314F /* SearchResult */,
				0103B2272CA017560031314F /* Search */,
				012C42872C88B15B00C78861 /* WriteCampus */,
				01D113212C820670006B20BB /* DetailCampus */,
				01D1130D2C81E27E006B20BB /* FindCampus */,
				01D112AA2C7B5A9F006B20BB /* Profile */,
				01D112A72C7B5A88006B20BB /* Chatting */,
				01D112A42C7B5A25006B20BB /* TabBar */,
				01E408F12C68937A0006B86F /* Home */,
				01E408952C633E4B0006B86F /* Onboarding */,
				01E408942C633E420006B86F /* Base */,
			);
			path = Presentation;
			sourceTree = "<group>";
		};
		01E408942C633E420006B86F /* Base */ = {
			isa = PBXGroup;
			children = (
				01E4088D2C633DC20006B86F /* BaseViewController.swift */,
				01E4088F2C633DEA0006B86F /* BaseView.swift */,
				01D1131B2C81F1AA006B20BB /* BaseTableViewCell.swift */,
			);
			path = Base;
			sourceTree = "<group>";
		};
		01E408952C633E4B0006B86F /* Onboarding */ = {
			isa = PBXGroup;
			children = (
				01E408F92C6898190006B86F /* PhoneNumberCertify */,
				01E408F22C6893860006B86F /* SelectPosition */,
				01E408EA2C68786E0006B86F /* Terms */,
				01E408E92C678F850006B86F /* Login */,
			);
			path = Onboarding;
			sourceTree = "<group>";
		};
		01E408E42C6785420006B86F /* Util */ = {
			isa = PBXGroup;
			children = (
				01E408E52C6785590006B86F /* CFButton.swift */,
				01E4090B2C69F8BE0006B86F /* CFSearchView.swift */,
				01D112F52C81B81F006B20BB /* CFColor.swift */,
				01D112F92C81BD52006B20BB /* CFLine.swift */,
				012C42C62C8AF9A400C78861 /* CFSelectView.swift */,
				010A09572C8DCFDE00B4AF6C /* CFAddPhotoView.swift */,
				010A09692C8EFE1600B4AF6C /* CFPriceView.swift */,
				0103B22C2CA019910031314F /* CFSearchBar.swift */,
				0103B2382CA168530031314F /* UserDefaultsKey.swift */,
				0103B23A2CA1693E0031314F /* UserDefaultsManager.swift */,
			);
			path = Util;
			sourceTree = "<group>";
		};
		01E408E92C678F850006B86F /* Login */ = {
			isa = PBXGroup;
			children = (
				01E4088A2C633D5A0006B86F /* LoginViewController.swift */,
				01E408E72C67867F0006B86F /* LoginViewModel.swift */,
				01E408E22C6783290006B86F /* LoginView.swift */,
			);
			path = Login;
			sourceTree = "<group>";
		};
		01E408EA2C68786E0006B86F /* Terms */ = {
			isa = PBXGroup;
			children = (
				01E408EB2C68788B0006B86F /* TermsViewController.swift */,
				01E408EF2C688BAE0006B86F /* TermsViewModel.swift */,
				01E408ED2C688B910006B86F /* TermsView.swift */,
				0103B25D2CABDF9F0031314F /* TermsTableViewCell.swift */,
			);
			path = Terms;
			sourceTree = "<group>";
		};
		01E408F12C68937A0006B86F /* Home */ = {
			isa = PBXGroup;
			children = (
				01E409002C68DB980006B86F /* HomeViewController.swift */,
				01E409022C68DE3D0006B86F /* HomeView.swift */,
				01E4090E2C69FF960006B86F /* FindCollectionViewCell.swift */,
				01D1130B2C81DE24006B20BB /* ProfessorView.swift */,
			);
			path = Home;
			sourceTree = "<group>";
		};
		01E408F22C6893860006B86F /* SelectPosition */ = {
			isa = PBXGroup;
			children = (
				01E408F32C68939B0006B86F /* SelectPositionViewController.swift */,
				01E408F72C68947F0006B86F /* SelectPositionViewModel.swift */,
				01E408F52C68940D0006B86F /* SelectPositionView.swift */,
			);
			path = SelectPosition;
			sourceTree = "<group>";
		};
		01E408F92C6898190006B86F /* PhoneNumberCertify */ = {
			isa = PBXGroup;
			children = (
				01E408FA2C6898300006B86F /* PhoneNumberCertifyViewController.swift */,
				01E408FC2C6898AC0006B86F /* PhoneNumberCertifyViewModel.swift */,
				01E408FE2C6899330006B86F /* PhoneNumberCertifyView.swift */,
			);
			path = PhoneNumberCertify;
			sourceTree = "<group>";
		};
		01E409102C6A086F0006B86F /* Extension */ = {
			isa = PBXGroup;
			children = (
				01E409112C6A08950006B86F /* UIColor+.swift */,
				01D112F72C81BC32006B20BB /* UITextField+.swift */,
				01D113062C81C5B7006B20BB /* UIFont+.swift */,
			);
			path = Extension;
			sourceTree = "<group>";
		};
/* End PBXGroup section */

/* Begin PBXNativeTarget section */
		01E408652C633C0E0006B86F /* CampusFinder */ = {
			isa = PBXNativeTarget;
			buildConfigurationList = 01E4087A2C633C100006B86F /* Build configuration list for PBXNativeTarget "CampusFinder" */;
			buildPhases = (
				01E408622C633C0E0006B86F /* Sources */,
				01E408632C633C0E0006B86F /* Frameworks */,
				01E408642C633C0E0006B86F /* Resources */,
			);
			buildRules = (
			);
			dependencies = (
			);
			name = CampusFinder;
			packageProductDependencies = (
				01E4087E2C633C810006B86F /* RxCocoa */,
				01E408802C633C810006B86F /* RxSwift */,
				01E408852C633CE00006B86F /* SnapKit */,
				01E408882C633CEC0006B86F /* Kingfisher */,
				01D113112C81E974006B20BB /* Tabman */,
			);
			productName = CampusFinder;
			productReference = 01E408662C633C0E0006B86F /* CampusFinder.app */;
			productType = "com.apple.product-type.application";
		};
/* End PBXNativeTarget section */

/* Begin PBXProject section */
		01E4085E2C633C0E0006B86F /* Project object */ = {
			isa = PBXProject;
			attributes = {
				BuildIndependentTargetsInParallel = 1;
				LastSwiftUpdateCheck = 1530;
				LastUpgradeCheck = 1530;
				TargetAttributes = {
					01E408652C633C0E0006B86F = {
						CreatedOnToolsVersion = 15.3;
					};
				};
			};
			buildConfigurationList = 01E408612C633C0E0006B86F /* Build configuration list for PBXProject "CampusFinder" */;
			compatibilityVersion = "Xcode 14.0";
			developmentRegion = en;
			hasScannedForEncodings = 0;
			knownRegions = (
				en,
				Base,
			);
			mainGroup = 01E4085D2C633C0E0006B86F;
			packageReferences = (
				01E4087D2C633C810006B86F /* XCRemoteSwiftPackageReference "RxSwift" */,
				01E408842C633CE00006B86F /* XCRemoteSwiftPackageReference "SnapKit" */,
				01E408872C633CEC0006B86F /* XCRemoteSwiftPackageReference "Kingfisher" */,
				01D113102C81E974006B20BB /* XCRemoteSwiftPackageReference "Tabman" */,
			);
			productRefGroup = 01E408672C633C0E0006B86F /* Products */;
			projectDirPath = "";
			projectRoot = "";
			targets = (
				01E408652C633C0E0006B86F /* CampusFinder */,
			);
		};
/* End PBXProject section */

/* Begin PBXResourcesBuildPhase section */
		01E408642C633C0E0006B86F /* Resources */ = {
			isa = PBXResourcesBuildPhase;
			buildActionMask = 2147483647;
			files = (
				01E408732C633C100006B86F /* Assets.xcassets in Resources */,
				01E408832C633C900006B86F /* .gitignore in Resources */,
				01E408762C633C100006B86F /* Base in Resources */,
			);
			runOnlyForDeploymentPostprocessing = 0;
		};
/* End PBXResourcesBuildPhase section */

/* Begin PBXSourcesBuildPhase section */
		01E408622C633C0E0006B86F /* Sources */ = {
			isa = PBXSourcesBuildPhase;
			buildActionMask = 2147483647;
			files = (
				01D112A92C7B5A93006B20BB /* ChattingViewController.swift in Sources */,
				0103B25E2CABDF9F0031314F /* TermsTableViewCell.swift in Sources */,
				0103B2512CA936E80031314F /* ChattingTableViewCell.swift in Sources */,
				0103B2402CA17E770031314F /* SearchResultTableViewCell.swift in Sources */,
				01E4086A2C633C0E0006B86F /* AppDelegate.swift in Sources */,
				010A09582C8DCFDE00B4AF6C /* CFAddPhotoView.swift in Sources */,
				01D113252C820772006B20BB /* DetailCampusView.swift in Sources */,
				0103B24D2CA7FBF30031314F /* DatePickerViewController.swift in Sources */,
				01E408F82C68947F0006B86F /* SelectPositionViewModel.swift in Sources */,
				01E4088E2C633DC20006B86F /* BaseViewController.swift in Sources */,
				01E408FD2C6898AC0006B86F /* PhoneNumberCertifyViewModel.swift in Sources */,
				01E408EE2C688B910006B86F /* TermsView.swift in Sources */,
				0103B2292CA017660031314F /* SearchViewController.swift in Sources */,
				01E409012C68DB980006B86F /* HomeViewController.swift in Sources */,
				01E408F02C688BAE0006B86F /* TermsViewModel.swift in Sources */,
				01D113232C820681006B20BB /* DetailCampusViewController.swift in Sources */,
				01D112FA2C81BD52006B20BB /* CFLine.swift in Sources */,
				01E408F62C68940D0006B86F /* SelectPositionView.swift in Sources */,
				012C428C2C88B26500C78861 /* WriteRequestViewController.swift in Sources */,
				0103B22D2CA019910031314F /* CFSearchBar.swift in Sources */,
				0103B25A2CAAC06B0031314F /* CategoryCase.swift in Sources */,
				010A09302C8D6C4000B4AF6C /* WritePortfolioViewModel.swift in Sources */,
				012C42CA2C8B1A8700C78861 /* WritePortfolioView.swift in Sources */,
				01D113192C81EF4B006B20BB /* FinderCase.swift in Sources */,
				01D113202C81F3EE006B20BB /* FindCampusHeaderView.swift in Sources */,
				01E408902C633DEA0006B86F /* BaseView.swift in Sources */,
				01D1131C2C81F1AA006B20BB /* BaseTableViewCell.swift in Sources */,
				012C42C72C8AF9A400C78861 /* CFSelectView.swift in Sources */,
				010A096A2C8EFE1600B4AF6C /* CFPriceView.swift in Sources */,
				0103B23E2CA17B290031314F /* SearchResultTableViewController.swift in Sources */,
				0103B23B2CA1693E0031314F /* UserDefaultsManager.swift in Sources */,
				01E408E32C6783290006B86F /* LoginView.swift in Sources */,
				01E408FB2C6898300006B86F /* PhoneNumberCertifyViewController.swift in Sources */,
				012C428A2C88B24B00C78861 /* WritePortfolioViewController.swift in Sources */,
				0103B2422CA180D00031314F /* WriteRequestViewModel.swift in Sources */,
				01E4090C2C69F8BE0006B86F /* CFSearchView.swift in Sources */,
				0103B2392CA168530031314F /* UserDefaultsKey.swift in Sources */,
				0103B2372CA163510031314F /* RecentKeywordCell.swift in Sources */,
				01E4090F2C69FF960006B86F /* FindCollectionViewCell.swift in Sources */,
				0103B22B2CA018290031314F /* SearchView.swift in Sources */,
				012C42902C88B36200C78861 /* WriteRequestView.swift in Sources */,
				0103B25C2CAAC7ED0031314F /* ProfessorTableViewCell.swift in Sources */,
				01E408EC2C68788B0006B86F /* TermsViewController.swift in Sources */,
				0103B2352CA15BBF0031314F /* SearchResultViewController.swift in Sources */,
				01E408E82C67867F0006B86F /* LoginViewModel.swift in Sources */,
				01D113072C81C5B7006B20BB /* UIFont+.swift in Sources */,
				01D112A62C7B5A31006B20BB /* TabBarViewController.swift in Sources */,
				01E409122C6A08950006B86F /* UIColor+.swift in Sources */,
				01D112F62C81B81F006B20BB /* CFColor.swift in Sources */,
				01D1131E2C81F278006B20BB /* FindCampusTableViewCell.swift in Sources */,
				01E408FF2C6899330006B86F /* PhoneNumberCertifyView.swift in Sources */,
				01E4088B2C633D5A0006B86F /* LoginViewController.swift in Sources */,
				01E408F42C68939B0006B86F /* SelectPositionViewController.swift in Sources */,
				01E408E62C6785590006B86F /* CFButton.swift in Sources */,
				01D112AC2C7B5AA7006B20BB /* ProfileViewController.swift in Sources */,
				01D112F82C81BC32006B20BB /* UITextField+.swift in Sources */,
				0103B2562CAABF700031314F /* ProfessorViewController.swift in Sources */,
				01E4086C2C633C0E0006B86F /* SceneDelegate.swift in Sources */,
				0103B2532CAA95090031314F /* ChattingDummyData.swift in Sources */,
				01D1130F2C81E2D7006B20BB /* FindCampusViewController.swift in Sources */,
				01D113162C81ECAB006B20BB /* FindCampusTableViewController.swift in Sources */,
				01D1130C2C81DE24006B20BB /* ProfessorView.swift in Sources */,
				0103B2582CAAC0000031314F /* ProfessorTableViewController.swift in Sources */,
				01E409032C68DE3D0006B86F /* HomeView.swift in Sources */,
			);
			runOnlyForDeploymentPostprocessing = 0;
		};
/* End PBXSourcesBuildPhase section */

/* Begin PBXVariantGroup section */
		01E408742C633C100006B86F /* LaunchScreen.storyboard */ = {
			isa = PBXVariantGroup;
			children = (
				01E408752C633C100006B86F /* Base */,
			);
			name = LaunchScreen.storyboard;
			sourceTree = "<group>";
		};
/* End PBXVariantGroup section */

/* Begin XCBuildConfiguration section */
		01E408782C633C100006B86F /* Debug */ = {
			isa = XCBuildConfiguration;
			buildSettings = {
				ALWAYS_SEARCH_USER_PATHS = NO;
				ASSETCATALOG_COMPILER_GENERATE_SWIFT_ASSET_SYMBOL_EXTENSIONS = YES;
				CLANG_ANALYZER_NONNULL = YES;
				CLANG_ANALYZER_NUMBER_OBJECT_CONVERSION = YES_AGGRESSIVE;
				CLANG_CXX_LANGUAGE_STANDARD = "gnu++20";
				CLANG_ENABLE_MODULES = YES;
				CLANG_ENABLE_OBJC_ARC = YES;
				CLANG_ENABLE_OBJC_WEAK = YES;
				CLANG_WARN_BLOCK_CAPTURE_AUTORELEASING = YES;
				CLANG_WARN_BOOL_CONVERSION = YES;
				CLANG_WARN_COMMA = YES;
				CLANG_WARN_CONSTANT_CONVERSION = YES;
				CLANG_WARN_DEPRECATED_OBJC_IMPLEMENTATIONS = YES;
				CLANG_WARN_DIRECT_OBJC_ISA_USAGE = YES_ERROR;
				CLANG_WARN_DOCUMENTATION_COMMENTS = YES;
				CLANG_WARN_EMPTY_BODY = YES;
				CLANG_WARN_ENUM_CONVERSION = YES;
				CLANG_WARN_INFINITE_RECURSION = YES;
				CLANG_WARN_INT_CONVERSION = YES;
				CLANG_WARN_NON_LITERAL_NULL_CONVERSION = YES;
				CLANG_WARN_OBJC_IMPLICIT_RETAIN_SELF = YES;
				CLANG_WARN_OBJC_LITERAL_CONVERSION = YES;
				CLANG_WARN_OBJC_ROOT_CLASS = YES_ERROR;
				CLANG_WARN_QUOTED_INCLUDE_IN_FRAMEWORK_HEADER = YES;
				CLANG_WARN_RANGE_LOOP_ANALYSIS = YES;
				CLANG_WARN_STRICT_PROTOTYPES = YES;
				CLANG_WARN_SUSPICIOUS_MOVE = YES;
				CLANG_WARN_UNGUARDED_AVAILABILITY = YES_AGGRESSIVE;
				CLANG_WARN_UNREACHABLE_CODE = YES;
				CLANG_WARN__DUPLICATE_METHOD_MATCH = YES;
				COPY_PHASE_STRIP = NO;
				DEBUG_INFORMATION_FORMAT = dwarf;
				ENABLE_STRICT_OBJC_MSGSEND = YES;
				ENABLE_TESTABILITY = YES;
				ENABLE_USER_SCRIPT_SANDBOXING = YES;
				GCC_C_LANGUAGE_STANDARD = gnu17;
				GCC_DYNAMIC_NO_PIC = NO;
				GCC_NO_COMMON_BLOCKS = YES;
				GCC_OPTIMIZATION_LEVEL = 0;
				GCC_PREPROCESSOR_DEFINITIONS = (
					"DEBUG=1",
					"$(inherited)",
				);
				GCC_WARN_64_TO_32_BIT_CONVERSION = YES;
				GCC_WARN_ABOUT_RETURN_TYPE = YES_ERROR;
				GCC_WARN_UNDECLARED_SELECTOR = YES;
				GCC_WARN_UNINITIALIZED_AUTOS = YES_AGGRESSIVE;
				GCC_WARN_UNUSED_FUNCTION = YES;
				GCC_WARN_UNUSED_VARIABLE = YES;
				IPHONEOS_DEPLOYMENT_TARGET = 17.4;
				LOCALIZATION_PREFERS_STRING_CATALOGS = YES;
				MTL_ENABLE_DEBUG_INFO = INCLUDE_SOURCE;
				MTL_FAST_MATH = YES;
				ONLY_ACTIVE_ARCH = YES;
				SDKROOT = iphoneos;
				SWIFT_ACTIVE_COMPILATION_CONDITIONS = "DEBUG $(inherited)";
				SWIFT_OPTIMIZATION_LEVEL = "-Onone";
			};
			name = Debug;
		};
		01E408792C633C100006B86F /* Release */ = {
			isa = XCBuildConfiguration;
			buildSettings = {
				ALWAYS_SEARCH_USER_PATHS = NO;
				ASSETCATALOG_COMPILER_GENERATE_SWIFT_ASSET_SYMBOL_EXTENSIONS = YES;
				CLANG_ANALYZER_NONNULL = YES;
				CLANG_ANALYZER_NUMBER_OBJECT_CONVERSION = YES_AGGRESSIVE;
				CLANG_CXX_LANGUAGE_STANDARD = "gnu++20";
				CLANG_ENABLE_MODULES = YES;
				CLANG_ENABLE_OBJC_ARC = YES;
				CLANG_ENABLE_OBJC_WEAK = YES;
				CLANG_WARN_BLOCK_CAPTURE_AUTORELEASING = YES;
				CLANG_WARN_BOOL_CONVERSION = YES;
				CLANG_WARN_COMMA = YES;
				CLANG_WARN_CONSTANT_CONVERSION = YES;
				CLANG_WARN_DEPRECATED_OBJC_IMPLEMENTATIONS = YES;
				CLANG_WARN_DIRECT_OBJC_ISA_USAGE = YES_ERROR;
				CLANG_WARN_DOCUMENTATION_COMMENTS = YES;
				CLANG_WARN_EMPTY_BODY = YES;
				CLANG_WARN_ENUM_CONVERSION = YES;
				CLANG_WARN_INFINITE_RECURSION = YES;
				CLANG_WARN_INT_CONVERSION = YES;
				CLANG_WARN_NON_LITERAL_NULL_CONVERSION = YES;
				CLANG_WARN_OBJC_IMPLICIT_RETAIN_SELF = YES;
				CLANG_WARN_OBJC_LITERAL_CONVERSION = YES;
				CLANG_WARN_OBJC_ROOT_CLASS = YES_ERROR;
				CLANG_WARN_QUOTED_INCLUDE_IN_FRAMEWORK_HEADER = YES;
				CLANG_WARN_RANGE_LOOP_ANALYSIS = YES;
				CLANG_WARN_STRICT_PROTOTYPES = YES;
				CLANG_WARN_SUSPICIOUS_MOVE = YES;
				CLANG_WARN_UNGUARDED_AVAILABILITY = YES_AGGRESSIVE;
				CLANG_WARN_UNREACHABLE_CODE = YES;
				CLANG_WARN__DUPLICATE_METHOD_MATCH = YES;
				COPY_PHASE_STRIP = NO;
				DEBUG_INFORMATION_FORMAT = "dwarf-with-dsym";
				ENABLE_NS_ASSERTIONS = NO;
				ENABLE_STRICT_OBJC_MSGSEND = YES;
				ENABLE_USER_SCRIPT_SANDBOXING = YES;
				GCC_C_LANGUAGE_STANDARD = gnu17;
				GCC_NO_COMMON_BLOCKS = YES;
				GCC_WARN_64_TO_32_BIT_CONVERSION = YES;
				GCC_WARN_ABOUT_RETURN_TYPE = YES_ERROR;
				GCC_WARN_UNDECLARED_SELECTOR = YES;
				GCC_WARN_UNINITIALIZED_AUTOS = YES_AGGRESSIVE;
				GCC_WARN_UNUSED_FUNCTION = YES;
				GCC_WARN_UNUSED_VARIABLE = YES;
				IPHONEOS_DEPLOYMENT_TARGET = 17.4;
				LOCALIZATION_PREFERS_STRING_CATALOGS = YES;
				MTL_ENABLE_DEBUG_INFO = NO;
				MTL_FAST_MATH = YES;
				SDKROOT = iphoneos;
				SWIFT_COMPILATION_MODE = wholemodule;
				VALIDATE_PRODUCT = YES;
			};
			name = Release;
		};
		01E4087B2C633C100006B86F /* Debug */ = {
			isa = XCBuildConfiguration;
			buildSettings = {
				ASSETCATALOG_COMPILER_APPICON_NAME = AppIcon;
				ASSETCATALOG_COMPILER_GLOBAL_ACCENT_COLOR_NAME = AccentColor;
				CODE_SIGN_STYLE = Automatic;
				CURRENT_PROJECT_VERSION = 1;
				DEVELOPMENT_TEAM = 7S6PH8TVFD;
				GENERATE_INFOPLIST_FILE = YES;
				INFOPLIST_FILE = CampusFinder/Info.plist;
				INFOPLIST_KEY_UIApplicationSupportsIndirectInputEvents = YES;
				INFOPLIST_KEY_UILaunchStoryboardName = LaunchScreen;
				INFOPLIST_KEY_UISupportedInterfaceOrientations = UIInterfaceOrientationPortrait;
				INFOPLIST_KEY_UISupportedInterfaceOrientations_iPad = "UIInterfaceOrientationLandscapeLeft UIInterfaceOrientationLandscapeRight UIInterfaceOrientationPortrait UIInterfaceOrientationPortraitUpsideDown";
				INFOPLIST_KEY_UIUserInterfaceStyle = Light;
				IPHONEOS_DEPLOYMENT_TARGET = 15.0;
				LD_RUNPATH_SEARCH_PATHS = (
					"$(inherited)",
					"@executable_path/Frameworks",
				);
				MARKETING_VERSION = 1.0;
				PRODUCT_BUNDLE_IDENTIFIER = com.seokho.CampusFinder;
				PRODUCT_NAME = "$(TARGET_NAME)";
				SUPPORTED_PLATFORMS = "iphoneos iphonesimulator";
				SUPPORTS_MACCATALYST = NO;
				SUPPORTS_MAC_DESIGNED_FOR_IPHONE_IPAD = NO;
				SUPPORTS_XR_DESIGNED_FOR_IPHONE_IPAD = NO;
				SWIFT_EMIT_LOC_STRINGS = YES;
				SWIFT_VERSION = 5.0;
				TARGETED_DEVICE_FAMILY = 1;
			};
			name = Debug;
		};
		01E4087C2C633C100006B86F /* Release */ = {
			isa = XCBuildConfiguration;
			buildSettings = {
				ASSETCATALOG_COMPILER_APPICON_NAME = AppIcon;
				ASSETCATALOG_COMPILER_GLOBAL_ACCENT_COLOR_NAME = AccentColor;
				CODE_SIGN_STYLE = Automatic;
				CURRENT_PROJECT_VERSION = 1;
				DEVELOPMENT_TEAM = 7S6PH8TVFD;
				GENERATE_INFOPLIST_FILE = YES;
				INFOPLIST_FILE = CampusFinder/Info.plist;
				INFOPLIST_KEY_UIApplicationSupportsIndirectInputEvents = YES;
				INFOPLIST_KEY_UILaunchStoryboardName = LaunchScreen;
				INFOPLIST_KEY_UISupportedInterfaceOrientations = UIInterfaceOrientationPortrait;
				INFOPLIST_KEY_UISupportedInterfaceOrientations_iPad = "UIInterfaceOrientationLandscapeLeft UIInterfaceOrientationLandscapeRight UIInterfaceOrientationPortrait UIInterfaceOrientationPortraitUpsideDown";
				INFOPLIST_KEY_UIUserInterfaceStyle = Light;
				IPHONEOS_DEPLOYMENT_TARGET = 15.0;
				LD_RUNPATH_SEARCH_PATHS = (
					"$(inherited)",
					"@executable_path/Frameworks",
				);
				MARKETING_VERSION = 1.0;
				PRODUCT_BUNDLE_IDENTIFIER = com.seokho.CampusFinder;
				PRODUCT_NAME = "$(TARGET_NAME)";
				SUPPORTED_PLATFORMS = "iphoneos iphonesimulator";
				SUPPORTS_MACCATALYST = NO;
				SUPPORTS_MAC_DESIGNED_FOR_IPHONE_IPAD = NO;
				SUPPORTS_XR_DESIGNED_FOR_IPHONE_IPAD = NO;
				SWIFT_EMIT_LOC_STRINGS = YES;
				SWIFT_VERSION = 5.0;
				TARGETED_DEVICE_FAMILY = 1;
			};
			name = Release;
		};
/* End XCBuildConfiguration section */

/* Begin XCConfigurationList section */
		01E408612C633C0E0006B86F /* Build configuration list for PBXProject "CampusFinder" */ = {
			isa = XCConfigurationList;
			buildConfigurations = (
				01E408782C633C100006B86F /* Debug */,
				01E408792C633C100006B86F /* Release */,
			);
			defaultConfigurationIsVisible = 0;
			defaultConfigurationName = Release;
		};
		01E4087A2C633C100006B86F /* Build configuration list for PBXNativeTarget "CampusFinder" */ = {
			isa = XCConfigurationList;
			buildConfigurations = (
				01E4087B2C633C100006B86F /* Debug */,
				01E4087C2C633C100006B86F /* Release */,
			);
			defaultConfigurationIsVisible = 0;
			defaultConfigurationName = Release;
		};
/* End XCConfigurationList section */

/* Begin XCRemoteSwiftPackageReference section */
		01D113102C81E974006B20BB /* XCRemoteSwiftPackageReference "Tabman" */ = {
			isa = XCRemoteSwiftPackageReference;
			repositoryURL = "https://github.com/uias/Tabman.git";
			requirement = {
				kind = upToNextMajorVersion;
				minimumVersion = 3.2.0;
			};
		};
		01E4087D2C633C810006B86F /* XCRemoteSwiftPackageReference "RxSwift" */ = {
			isa = XCRemoteSwiftPackageReference;
			repositoryURL = "https://github.com/ReactiveX/RxSwift";
			requirement = {
				kind = upToNextMajorVersion;
				minimumVersion = 6.7.1;
			};
		};
		01E408842C633CE00006B86F /* XCRemoteSwiftPackageReference "SnapKit" */ = {
			isa = XCRemoteSwiftPackageReference;
			repositoryURL = "https://github.com/SnapKit/SnapKit";
			requirement = {
				kind = upToNextMajorVersion;
				minimumVersion = 5.7.1;
			};
		};
		01E408872C633CEC0006B86F /* XCRemoteSwiftPackageReference "Kingfisher" */ = {
			isa = XCRemoteSwiftPackageReference;
			repositoryURL = "https://github.com/onevcat/Kingfisher.git";
			requirement = {
				kind = upToNextMajorVersion;
				minimumVersion = 7.12.0;
			};
		};
/* End XCRemoteSwiftPackageReference section */

/* Begin XCSwiftPackageProductDependency section */
		01D113112C81E974006B20BB /* Tabman */ = {
			isa = XCSwiftPackageProductDependency;
			package = 01D113102C81E974006B20BB /* XCRemoteSwiftPackageReference "Tabman" */;
			productName = Tabman;
		};
		01E4087E2C633C810006B86F /* RxCocoa */ = {
			isa = XCSwiftPackageProductDependency;
			package = 01E4087D2C633C810006B86F /* XCRemoteSwiftPackageReference "RxSwift" */;
			productName = RxCocoa;
		};
		01E408802C633C810006B86F /* RxSwift */ = {
			isa = XCSwiftPackageProductDependency;
			package = 01E4087D2C633C810006B86F /* XCRemoteSwiftPackageReference "RxSwift" */;
			productName = RxSwift;
		};
		01E408852C633CE00006B86F /* SnapKit */ = {
			isa = XCSwiftPackageProductDependency;
			package = 01E408842C633CE00006B86F /* XCRemoteSwiftPackageReference "SnapKit" */;
			productName = SnapKit;
		};
		01E408882C633CEC0006B86F /* Kingfisher */ = {
			isa = XCSwiftPackageProductDependency;
			package = 01E408872C633CEC0006B86F /* XCRemoteSwiftPackageReference "Kingfisher" */;
			productName = Kingfisher;
		};
/* End XCSwiftPackageProductDependency section */
	};
	rootObject = 01E4085E2C633C0E0006B86F /* Project object */;
}
